
Microsoft Visual Studio Solution File, Format Version 12.00
# Visual Studio 15
VisualStudioVersion = 15.0.28307.489
MinimumVisualStudioVersion = 10.0.40219.1
Project("{FAE04EC0-301F-11D3-BF4B-00C04F79EFBC}") = "WebApplication33", "WebApplication33\WebApplication33.csproj", "{C2E53CF1-F396-4AB0-A876-E0A1C9FE0D88}"
EndProject
Global
	GlobalSection(SolutionConfigurationPlatforms) = preSolution
		Debug|Any CPU = Debug|Any CPU
		Release|Any CPU = Release|Any CPU
	EndGlobalSection
	GlobalSection(ProjectConfigurationPlatforms) = postSolution
		{C2E53CF1-F396-4AB0-A876-E0A1C9FE0D88}.Debug|Any CPU.ActiveCfg = Debug|Any CPU
		{C2E53CF1-F396-4AB0-A876-E0A1C9FE0D88}.Debug|Any CPU.Build.0 = Debug|Any CPU
		{C2E53CF1-F396-4AB0-A876-E0A1C9FE0D88}.Release|Any CPU.ActiveCfg = Release|Any CPU
		{C2E53CF1-F396-4AB0-A876-E0A1C9FE0D88}.Release|Any CPU.Build.0 = Release|Any CPU
	EndGlobalSection
	GlobalSection(SolutionProperties) = preSolution
		HideSolutionNode = FALSE
	EndGlobalSection
	GlobalSection(ExtensibilityGlobals) = postSolution
		SolutionGuid = {68860425-7345-4611-8AB1-37BDB4509519}
	EndGlobalSection
EndGlobal
